// !$*UTF8*$!
{
	archiveVersion = 1;
	classes = {
	};
	objectVersion = 46;
	objects = {

/* Begin PBXBuildFile section */
		17FA41E816B6EB14000BC469 /* Foundation.framework in Frameworks */ = {isa = PBXBuildFile; fileRef = 17FA41E716B6EB14000BC469 /* Foundation.framework */; };
		17FA41EB16B6EB14000BC469 /* main.m in Sources */ = {isa = PBXBuildFile; fileRef = 17FA41EA16B6EB14000BC469 /* main.m */; };
		17FA41EF16B6EB14000BC469 /* CryptingFunction.1 in CopyFiles */ = {isa = PBXBuildFile; fileRef = 17FA41EE16B6EB14000BC469 /* CryptingFunction.1 */; };
/* End PBXBuildFile section */

/* Begin PBXCopyFilesBuildPhase section */
		17FA41E116B6EB14000BC469 /* CopyFiles */ = {
			isa = PBXCopyFilesBuildPhase;
			buildActionMask = 2147483647;
			dstPath = /usr/share/man/man1/;
			dstSubfolderSpec = 0;
			files = (
				17FA41EF16B6EB14000BC469 /* CryptingFunction.1 in CopyFiles */,
			);
			runOnlyForDeploymentPostprocessing = 1;
		};
/* End PBXCopyFilesBuildPhase section */

/* Begin PBXFileReference section */
		17FA41E316B6EB14000BC469 /* CryptingFunction */ = {isa = PBXFileReference; explicitFileType = "compiled.mach-o.executable"; includeInIndex = 0; path = CryptingFunction; sourceTree = BUILT_PRODUCTS_DIR; };
		17FA41E716B6EB14000BC469 /* Foundation.framework */ = {isa = PBXFileReference; lastKnownFileType = wrapper.framework; name = Foundation.framework; path = System/Library/Frameworks/Foundation.framework; sourceTree = SDKROOT; };
		17FA41EA16B6EB14000BC469 /* main.m */ = {isa = PBXFileReference; lastKnownFileType = sourcecode.c.objc; path = main.m; sourceTree = "<group>"; };
		17FA41ED16B6EB14000BC469 /* CryptingFunction-Prefix.pch */ = {isa = PBXFileReference; path = "CryptingFunction-Prefix.pch"; sourceTree = "<group>"; };
		17FA41EE16B6EB14000BC469 /* CryptingFunction.1 */ = {isa = PBXFileReference; lastKnownFileType = text.man; path = CryptingFunction.1; sourceTree = "<group>"; };
/* End PBXFileReference section */

/* Begin PBXFrameworksBuildPhase section */
		17FA41E016B6EB14000BC469 /* Frameworks */ = {
			isa = PBXFrameworksBuildPhase;
			buildActionMask = 2147483647;
			files = (
				17FA41E816B6EB14000BC469 /* Foundation.framework in Frameworks */,
			);
			runOnlyForDeploymentPostprocessing = 0;
		};
/* End PBXFrameworksBuildPhase section */

/* Begin PBXGroup section */
		17FA41D816B6EB14000BC469 = {
			isa = PBXGroup;
			children = (
				17FA41E916B6EB14000BC469 /* CryptingFunction */,
				17FA41E616B6EB14000BC469 /* Frameworks */,
				17FA41E416B6EB14000BC469 /* Products */,
			);
			sourceTree = "<group>";
		};
		17FA41E416B6EB14000BC469 /* Products */ = {
			isa = PBXGroup;
			children = (
				17FA41E316B6EB14000BC469 /* CryptingFunction */,
			);
			name = Products;
			sourceTree = "<group>";
		};
		17FA41E616B6EB14000BC469 /* Frameworks */ = {
			isa = PBXGroup;
			children = (
				17FA41E716B6EB14000BC469 /* Foundation.framework */,
			);
			name = Frameworks;
			sourceTree = "<group>";
		};
		17FA41E916B6EB14000BC469 /* CryptingFunction */ = {
			isa = PBXGroup;
			children = (
				17FA41EA16B6EB14000BC469 /* main.m */,
				17FA41EE16B6EB14000BC469 /* CryptingFunction.1 */,
				17FA41EC16B6EB14000BC469 /* Supporting Files */,
			);
			path = CryptingFunction;
			sourceTree = "<group>";
		};
		17FA41EC16B6EB14000BC469 /* Supporting Files */ = {
			isa = PBXGroup;
			children = (
				17FA41ED16B6EB14000BC469 /* CryptingFunction-Prefix.pch */,
			);
			name = "Supporting Files";
			sourceTree = "<group>";
		};
/* End PBXGroup section */

/* Begin PBXNativeTarget section */
		17FA41E216B6EB14000BC469 /* CryptingFunction */ = {
			isa = PBXNativeTarget;
			buildConfigurationList = 17FA41F216B6EB14000BC469 /* Build configuration list for PBXNativeTarget "CryptingFunction" */;
			buildPhases = (
				17FA41DF16B6EB14000BC469 /* Sources */,
				17FA41E016B6EB14000BC469 /* Frameworks */,
				17FA41E116B6EB14000BC469 /* CopyFiles */,
			);
			buildRules = (
			);
			dependencies = (
			);
			name = CryptingFunction;
			productName = CryptingFunction;
			productReference = 17FA41E316B6EB14000BC469 /* CryptingFunction */;
			productType = "com.apple.product-type.tool";
		};
/* End PBXNativeTarget section */

/* Begin PBXProject section */
		17FA41DA16B6EB14000BC469 /* Project object */ = {
			isa = PBXProject;
			attributes = {
				LastUpgradeCheck = 0430;
			};
			buildConfigurationList = 17FA41DD16B6EB14000BC469 /* Build configuration list for PBXProject "CryptingFunction" */;
			compatibilityVersion = "Xcode 3.2";
			developmentRegion = English;
			hasScannedForEncodings = 0;
			knownRegions = (
				en,
			);
			mainGroup = 17FA41D816B6EB14000BC469;
			productRefGroup = 17FA41E416B6EB14000BC469 /* Products */;
			projectDirPath = "";
			projectRoot = "";
			targets = (
				17FA41E216B6EB14000BC469 /* CryptingFunction */,
			);
		};
/* End PBXProject section */

/* Begin PBXSourcesBuildPhase section */
		17FA41DF16B6EB14000BC469 /* Sources */ = {
			isa = PBXSourcesBuildPhase;
			buildActionMask = 2147483647;
			files = (
				17FA41EB16B6EB14000BC469 /* main.m in Sources */,
			);
			runOnlyForDeploymentPostprocessing = 0;
		};
/* End PBXSourcesBuildPhase section */

/* Begin XCBuildConfiguration section */
		17FA41F016B6EB14000BC469 /* Debug */ = {
			isa = XCBuildConfiguration;
			buildSettings = {
				ALWAYS_SEARCH_USER_PATHS = NO;
				ARCHS = "$(ARCHS_STANDARD_64_BIT)";
				COPY_PHASE_STRIP = NO;
				GCC_C_LANGUAGE_STANDARD = gnu99;
				GCC_DYNAMIC_NO_PIC = NO;
				GCC_ENABLE_OBJC_EXCEPTIONS = YES;
				GCC_OPTIMIZATION_LEVEL = 0;
				GCC_PREPROCESSOR_DEFINITIONS = (
					"DEBUG=1",
					"$(inherited)",
				);
				GCC_SYMBOLS_PRIVATE_EXTERN = NO;
				GCC_VERSION = com.apple.compilers.llvm.clang.1_0;
				GCC_WARN_64_TO_32_BIT_CONVERSION = YES;
				GCC_WARN_ABOUT_RETURN_TYPE = YES;
				GCC_WARN_UNINITIALIZED_AUTOS = YES;
				GCC_WARN_UNUSED_VARIABLE = YES;
				MACOSX_DEPLOYMENT_TARGET = 10.7;
				ONLY_ACTIVE_ARCH = YES;
				SDKROOT = macosx;
			};
			name = Debug;
		};
		17FA41F116B6EB14000BC469 /* Release */ = {
			isa = XCBuildConfiguration;
			buildSettings = {
				ALWAYS_SEARCH_USER_PATHS = NO;
				ARCHS = "$(ARCHS_STANDARD_64_BIT)";
				COPY_PHASE_STRIP = YES;
				DEBUG_INFORMATION_FORMAT = "dwarf-with-dsym";
				GCC_C_LANGUAGE_STANDARD = gnu99;
				GCC_ENABLE_OBJC_EXCEPTIONS = YES;
				GCC_VERSION = com.apple.compilers.llvm.clang.1_0;
				GCC_WARN_64_TO_32_BIT_CONVERSION = YES;
				GCC_WARN_ABOUT_RETURN_TYPE = YES;
				GCC_WARN_UNINITIALIZED_AUTOS = YES;
				GCC_WARN_UNUSED_VARIABLE = YES;
				MACOSX_DEPLOYMENT_TARGET = 10.7;
				SDKROOT = macosx;
			};
			name = Release;
		};
		17FA41F316B6EB14000BC469 /* Debug */ = {
			isa = XCBuildConfiguration;
			buildSettings = {
				GCC_PRECOMPILE_PREFIX_HEADER = YES;
				GCC_PREFIX_HEADER = "CryptingFunction/CryptingFunction-Prefix.pch";
				PRODUCT_NAME = "$(TARGET_NAME)";
			};
			name = Debug;
		};
		17FA41F416B6EB14000BC469 /* Release */ = {
			isa = XCBuildConfiguration;
			buildSettings = {
				GCC_PRECOMPILE_PREFIX_HEADER = YES;
				GCC_PREFIX_HEADER = "CryptingFunction/CryptingFunction-Prefix.pch";
				PRODUCT_NAME = "$(TARGET_NAME)";
			};
			name = Release;
		};
/* End XCBuildConfiguration section */

/* Begin XCConfigurationList section */
		17FA41DD16B6EB14000BC469 /* Build configuration list for PBXProject "CryptingFunction" */ = {
			isa = XCConfigurationList;
			buildConfigurations = (
				17FA41F016B6EB14000BC469 /* Debug */,
				17FA41F116B6EB14000BC469 /* Release */,
			);
			defaultConfigurationIsVisible = 0;
			defaultConfigurationName = Release;
		};
		17FA41F216B6EB14000BC469 /* Build configuration list for PBXNativeTarget "CryptingFunction" */ = {
			isa = XCConfigurationList;
			buildConfigurations = (
				17FA41F316B6EB14000BC469 /* Debug */,
				17FA41F416B6EB14000BC469 /* Release */,
			);
			defaultConfigurationIsVisible = 0;
		};
/* End XCConfigurationList section */
	};
	rootObject = 17FA41DA16B6EB14000BC469 /* Project object */;
}
